
Microsoft Visual Studio Solution File, Format Version 12.00
# Visual Studio Version 17
VisualStudioVersion = 17.9.34723.18
MinimumVisualStudioVersion = 10.0.40219.1
Project("{9A19103F-16F7-4668-BE54-9A1E7A4F7556}") = "ModelsApp.Api", "ModelsApp.Api\ModelsApp.Api.csproj", "{B6961E39-04A3-4BCD-B154-41063E721837}"
EndProject
Project("{E53339B2-1760-4266-BCC7-CA923CBCF16C}") = "docker-compose", "docker-compose.dcproj", "{D5D3381F-4FC7-4C19-8024-8D7215FAD18F}"
EndProject
Project("{FAE04EC0-301F-11D3-BF4B-00C04F79EFBC}") = "ModelsApp.Dal", "ModelsApp.Dal\ModelsApp.Dal.csproj", "{80ACD141-37A2-4350-A754-0F2F090352C7}"
EndProject
Global
	GlobalSection(SolutionConfigurationPlatforms) = preSolution
		Debug|Any CPU = Debug|Any CPU
		Release|Any CPU = Release|Any CPU
	EndGlobalSection
	GlobalSection(ProjectConfigurationPlatforms) = postSolution
		{B6961E39-04A3-4BCD-B154-41063E721837}.Debug|Any CPU.ActiveCfg = Debug|Any CPU
		{B6961E39-04A3-4BCD-B154-41063E721837}.Debug|Any CPU.Build.0 = Debug|Any CPU
		{B6961E39-04A3-4BCD-B154-41063E721837}.Release|Any CPU.ActiveCfg = Release|Any CPU
		{B6961E39-04A3-4BCD-B154-41063E721837}.Release|Any CPU.Build.0 = Release|Any CPU
		{D5D3381F-4FC7-4C19-8024-8D7215FAD18F}.Debug|Any CPU.ActiveCfg = Debug|Any CPU
		{D5D3381F-4FC7-4C19-8024-8D7215FAD18F}.Debug|Any CPU.Build.0 = Debug|Any CPU
		{D5D3381F-4FC7-4C19-8024-8D7215FAD18F}.Release|Any CPU.ActiveCfg = Release|Any CPU
		{D5D3381F-4FC7-4C19-8024-8D7215FAD18F}.Release|Any CPU.Build.0 = Release|Any CPU
		{80ACD141-37A2-4350-A754-0F2F090352C7}.Debug|Any CPU.ActiveCfg = Debug|Any CPU
		{80ACD141-37A2-4350-A754-0F2F090352C7}.Debug|Any CPU.Build.0 = Debug|Any CPU
		{80ACD141-37A2-4350-A754-0F2F090352C7}.Release|Any CPU.ActiveCfg = Release|Any CPU
		{80ACD141-37A2-4350-A754-0F2F090352C7}.Release|Any CPU.Build.0 = Release|Any CPU
	EndGlobalSection
	GlobalSection(SolutionProperties) = preSolution
		HideSolutionNode = FALSE
	EndGlobalSection
	GlobalSection(ExtensibilityGlobals) = postSolution
		SolutionGuid = {69A2CABC-562D-4940-ABA1-00A88963C129}
	EndGlobalSection
EndGlobal
